// !$*UTF8*$!
{
	archiveVersion = 1;
	classes = {
	};
	objectVersion = 46;
	objects = {

/* Begin PBXBuildFile section */
		9A28E11B1986FCA60054FE35 /* MEDynamicTransition.m in Sources */ = {isa = PBXBuildFile; fileRef = 9A28E1151986FCA60054FE35 /* MEDynamicTransition.m */; };
		9A28E11C1986FCA60054FE35 /* MEFoldAnimationController.m in Sources */ = {isa = PBXBuildFile; fileRef = 9A28E1171986FCA60054FE35 /* MEFoldAnimationController.m */; };
		9A28E11D1986FCA60054FE35 /* METransitions.m in Sources */ = {isa = PBXBuildFile; fileRef = 9A28E1191986FCA60054FE35 /* METransitions.m */; };
		9A28E11E1986FCA60054FE35 /* MEZoomAnimationController.m in Sources */ = {isa = PBXBuildFile; fileRef = 9A28E11A1986FCA60054FE35 /* MEZoomAnimationController.m */; };
		9A6B60CC196D19710016D83B /* Foundation.framework in Frameworks */ = {isa = PBXBuildFile; fileRef = 9A6B60CB196D19710016D83B /* Foundation.framework */; };
		9A6B60CE196D19710016D83B /* CoreGraphics.framework in Frameworks */ = {isa = PBXBuildFile; fileRef = 9A6B60CD196D19710016D83B /* CoreGraphics.framework */; };
		9A6B60D0196D19710016D83B /* UIKit.framework in Frameworks */ = {isa = PBXBuildFile; fileRef = 9A6B60CF196D19710016D83B /* UIKit.framework */; };
		9A6B60D6196D19710016D83B /* InfoPlist.strings in Resources */ = {isa = PBXBuildFile; fileRef = 9A6B60D4196D19710016D83B /* InfoPlist.strings */; };
		9A6B60D8196D19710016D83B /* main.m in Sources */ = {isa = PBXBuildFile; fileRef = 9A6B60D7196D19710016D83B /* main.m */; };
		9A6B60DC196D19710016D83B /* OSAppDelegate.m in Sources */ = {isa = PBXBuildFile; fileRef = 9A6B60DB196D19710016D83B /* OSAppDelegate.m */; };
		9A6B60DF196D19710016D83B /* Main.storyboard in Resources */ = {isa = PBXBuildFile; fileRef = 9A6B60DD196D19710016D83B /* Main.storyboard */; };
		9A6B60E2196D19720016D83B /* OSViewController.m in Sources */ = {isa = PBXBuildFile; fileRef = 9A6B60E1196D19720016D83B /* OSViewController.m */; };
		9A6B60E4196D19720016D83B /* Images.xcassets in Resources */ = {isa = PBXBuildFile; fileRef = 9A6B60E3196D19720016D83B /* Images.xcassets */; };
		9A6B60EB196D19720016D83B /* XCTest.framework in Frameworks */ = {isa = PBXBuildFile; fileRef = 9A6B60EA196D19720016D83B /* XCTest.framework */; };
		9A6B60EC196D19720016D83B /* Foundation.framework in Frameworks */ = {isa = PBXBuildFile; fileRef = 9A6B60CB196D19710016D83B /* Foundation.framework */; };
		9A6B60ED196D19720016D83B /* UIKit.framework in Frameworks */ = {isa = PBXBuildFile; fileRef = 9A6B60CF196D19710016D83B /* UIKit.framework */; };
		9A6B60F5196D19720016D83B /* InfoPlist.strings in Resources */ = {isa = PBXBuildFile; fileRef = 9A6B60F3196D19720016D83B /* InfoPlist.strings */; };
		9A6B60F7196D19720016D83B /* OpenSiloTests.m in Sources */ = {isa = PBXBuildFile; fileRef = 9A6B60F6196D19720016D83B /* OpenSiloTests.m */; };
		9A6B6110196D2D3F0016D83B /* Configure.plist in Resources */ = {isa = PBXBuildFile; fileRef = 9A6B610F196D2D3F0016D83B /* Configure.plist */; };
		9A6C7E231977859D0053AC76 /* OSLoginViewController.m in Sources */ = {isa = PBXBuildFile; fileRef = 9A6C7E221977859D0053AC76 /* OSLoginViewController.m */; };
		9A6C7E25197785A70053AC76 /* Login.storyboard in Resources */ = {isa = PBXBuildFile; fileRef = 9A6C7E24197785A70053AC76 /* Login.storyboard */; };
		9AAB08391978D9CE00FBE96D /* OSDateTimeUtils.m in Sources */ = {isa = PBXBuildFile; fileRef = 9AAB08381978D9CE00FBE96D /* OSDateTimeUtils.m */; };
		9AB1C8D419A1AB2A00FF2DEA /* BoxAuthorizationNavigationController.m in Sources */ = {isa = PBXBuildFile; fileRef = 9AB1C8CD19A1AB2A00FF2DEA /* BoxAuthorizationNavigationController.m */; };
		9AB1C8D619A1AB2A00FF2DEA /* BoxFolderViewController.m in Sources */ = {isa = PBXBuildFile; fileRef = 9AB1C8D019A1AB2A00FF2DEA /* BoxFolderViewController.m */; };
		9AB1C8D719A1AB2A00FF2DEA /* BoxNavigationController.m in Sources */ = {isa = PBXBuildFile; fileRef = 9AB1C8D219A1AB2A00FF2DEA /* BoxNavigationController.m */; };
		9AB1C8D919A1AB4500FF2DEA /* BoxFolder.storyboard in Resources */ = {isa = PBXBuildFile; fileRef = 9AB1C8D819A1AB4500FF2DEA /* BoxFolder.storyboard */; };
		9AB1C8DC19A1AB6800FF2DEA /* KeychainItemWrapper.m in Sources */ = {isa = PBXBuildFile; fileRef = 9AB1C8DB19A1AB6800FF2DEA /* KeychainItemWrapper.m */; };
		9AB7AF4F19903B9D0008D9B8 /* OSForgotPassword.xib in Resources */ = {isa = PBXBuildFile; fileRef = 9AB7AF4E19903B9D0008D9B8 /* OSForgotPassword.xib */; };
		9AB7AF5219903CE70008D9B8 /* OSSettingViewController.m in Sources */ = {isa = PBXBuildFile; fileRef = 9AB7AF5119903CE70008D9B8 /* OSSettingViewController.m */; };
		9ACBC1A41996E68D00EFD660 /* OSInboxViewController.m in Sources */ = {isa = PBXBuildFile; fileRef = 9ACBC1A21996E68D00EFD660 /* OSInboxViewController.m */; };
		9ADD59D1197E35630090DBC4 /* OSConstant.m in Sources */ = {isa = PBXBuildFile; fileRef = 9ADD59D0197E35630090DBC4 /* OSConstant.m */; };
		9AF10D9D19761BBC00474A2A /* OSSession.m in Sources */ = {isa = PBXBuildFile; fileRef = 9AF10D9C19761BBC00474A2A /* OSSession.m */; };
		9AF10DA019761BD600474A2A /* OSUser.m in Sources */ = {isa = PBXBuildFile; fileRef = 9AF10D9F19761BD600474A2A /* OSUser.m */; };
		9AF10DA81976230A00474A2A /* OSMessage.m in Sources */ = {isa = PBXBuildFile; fileRef = 9AF10DA41976230A00474A2A /* OSMessage.m */; };
		9AF10DA91976230A00474A2A /* OSChilli.m in Sources */ = {isa = PBXBuildFile; fileRef = 9AF10DA61976230A00474A2A /* OSChilli.m */; };
		9AF10DAD19762A5E00474A2A /* OSTag.m in Sources */ = {isa = PBXBuildFile; fileRef = 9AF10DAC19762A5E00474A2A /* OSTag.m */; };
		B61592361981A3DF00D3AE9C /* OSToastUtils.m in Sources */ = {isa = PBXBuildFile; fileRef = B61592351981A3DF00D3AE9C /* OSToastUtils.m */; };
		B61592391981A4C200D3AE9C /* OSRequestUtils.m in Sources */ = {isa = PBXBuildFile; fileRef = B61592381981A4C200D3AE9C /* OSRequestUtils.m */; };
		B62F33FA197AE69700BD8CEA /* UITableViewCell+NIB.m in Sources */ = {isa = PBXBuildFile; fileRef = B62F33F7197AE69700BD8CEA /* UITableViewCell+NIB.m */; };
		B6354ED3197C804700CC720C /* rightPanel.storyboard in Resources */ = {isa = PBXBuildFile; fileRef = B6354ED2197C804700CC720C /* rightPanel.storyboard */; };
		B6354EDB197C807800CC720C /* OSRightPanelViewController.m in Sources */ = {isa = PBXBuildFile; fileRef = B6354EDA197C807800CC720C /* OSRightPanelViewController.m */; };
		B6354EDF197ED80D00CC720C /* OSTranscriptTableViewCell.m in Sources */ = {isa = PBXBuildFile; fileRef = B6354EDD197ED80D00CC720C /* OSTranscriptTableViewCell.m */; };
		B6354EE0197ED80D00CC720C /* OSTranscriptTableViewCell.xib in Resources */ = {isa = PBXBuildFile; fileRef = B6354EDE197ED80D00CC720C /* OSTranscriptTableViewCell.xib */; };
		B6354EE4197EFAF500CC720C /* OSPeopleTableViewCell.m in Sources */ = {isa = PBXBuildFile; fileRef = B6354EE2197EFAF500CC720C /* OSPeopleTableViewCell.m */; };
		B6354EE5197EFAF500CC720C /* OSPeopleTableViewCell.xib in Resources */ = {isa = PBXBuildFile; fileRef = B6354EE3197EFAF500CC720C /* OSPeopleTableViewCell.xib */; };
		B63A593919A18F9C003EA132 /* OSGuidUtils.m in Sources */ = {isa = PBXBuildFile; fileRef = B63A593819A18F9C003EA132 /* OSGuidUtils.m */; };
		B63A594C19A19896003EA132 /* OSFileTableViewCell.m in Sources */ = {isa = PBXBuildFile; fileRef = B63A594A19A19896003EA132 /* OSFileTableViewCell.m */; };
		B63A594D19A19896003EA132 /* OSFileTableViewCell.xib in Resources */ = {isa = PBXBuildFile; fileRef = B63A594B19A19896003EA132 /* OSFileTableViewCell.xib */; };
		B63A595119A198A2003EA132 /* OSPinQuestionTableViewCell.m in Sources */ = {isa = PBXBuildFile; fileRef = B63A594F19A198A2003EA132 /* OSPinQuestionTableViewCell.m */; };
		B63A595219A198A2003EA132 /* OSPinQuestionTableViewCell.xib in Resources */ = {isa = PBXBuildFile; fileRef = B63A595019A198A2003EA132 /* OSPinQuestionTableViewCell.xib */; };
		B64876EC19883BB000B42189 /* OSEntranceViewController.m in Sources */ = {isa = PBXBuildFile; fileRef = B64876EB19883BB000B42189 /* OSEntranceViewController.m */; };
		B64876EE19883BE800B42189 /* Entrance.storyboard in Resources */ = {isa = PBXBuildFile; fileRef = B64876ED19883BE800B42189 /* Entrance.storyboard */; };
		B64876F119883F2400B42189 /* OSSignUpViewController.m in Sources */ = {isa = PBXBuildFile; fileRef = B64876F019883F2400B42189 /* OSSignUpViewController.m */; };
		B64B69281975AC17009F7B05 /* OSChannel.m in Sources */ = {isa = PBXBuildFile; fileRef = B64B69271975AC17009F7B05 /* OSChannel.m */; };
		B64B692B1975AE89009F7B05 /* OSRoom.m in Sources */ = {isa = PBXBuildFile; fileRef = B64B692A1975AE89009F7B05 /* OSRoom.m */; };
		B656ECA219A3EFAC001D091C /* OSDataManager.m in Sources */ = {isa = PBXBuildFile; fileRef = B656ECA119A3EFAC001D091C /* OSDataManager.m */; };
		B656ECA619A3F4F3001D091C /* OSNotificationViewController.m in Sources */ = {isa = PBXBuildFile; fileRef = B656ECA519A3F4F3001D091C /* OSNotificationViewController.m */; };
		B656ECA819A40299001D091C /* Inbox.storyboard in Resources */ = {isa = PBXBuildFile; fileRef = B656ECA719A40299001D091C /* Inbox.storyboard */; };
		B656ECAA19A403C5001D091C /* Notifications.storyboard in Resources */ = {isa = PBXBuildFile; fileRef = B656ECA919A403C5001D091C /* Notifications.storyboard */; };
		B6A5E10D198AC59C00772EC8 /* OSInviteViewController.m in Sources */ = {isa = PBXBuildFile; fileRef = B6A5E10C198AC59C00772EC8 /* OSInviteViewController.m */; };
		B6A5E110198AD14900772EC8 /* OSSearchViewController.m in Sources */ = {isa = PBXBuildFile; fileRef = B6A5E10F198AD14900772EC8 /* OSSearchViewController.m */; };
		B6A5E112198AD16A00772EC8 /* Search.storyboard in Resources */ = {isa = PBXBuildFile; fileRef = B6A5E111198AD16A00772EC8 /* Search.storyboard */; };
		B6A5E117198AE65300772EC8 /* DTCustomColoredAccessory.m in Sources */ = {isa = PBXBuildFile; fileRef = B6A5E114198AE65300772EC8 /* DTCustomColoredAccessory.m */; };
		B6A5E118198AE65300772EC8 /* OSLeftPanelViewController.m in Sources */ = {isa = PBXBuildFile; fileRef = B6A5E116198AE65300772EC8 /* OSLeftPanelViewController.m */; };
		B6A5E11A198AE71700772EC8 /* InvitePeople.storyboard in Resources */ = {isa = PBXBuildFile; fileRef = B6A5E119198AE71700772EC8 /* InvitePeople.storyboard */; };
		B6A5E11C198AEA9900772EC8 /* leftPanel.storyboard in Resources */ = {isa = PBXBuildFile; fileRef = B6A5E11B198AEA9900772EC8 /* leftPanel.storyboard */; };
		B6A5E11F198AEC0000772EC8 /* OSAskQuestionViewController.m in Sources */ = {isa = PBXBuildFile; fileRef = B6A5E11E198AEC0000772EC8 /* OSAskQuestionViewController.m */; };
		B6A5E121198AEC1500772EC8 /* AskQuestion.storyboard in Resources */ = {isa = PBXBuildFile; fileRef = B6A5E120198AEC1500772EC8 /* AskQuestion.storyboard */; };
		B6A5E123198AEC6E00772EC8 /* CreateChannel.storyboard in Resources */ = {isa = PBXBuildFile; fileRef = B6A5E122198AEC6E00772EC8 /* CreateChannel.storyboard */; };
		B6A5E126198AEC8000772EC8 /* OSCreateChannelViewController.m in Sources */ = {isa = PBXBuildFile; fileRef = B6A5E125198AEC8000772EC8 /* OSCreateChannelViewController.m */; };
		B6DFEEE8199034C600DE8BC8 /* OSChannelSettingViewController.m in Sources */ = {isa = PBXBuildFile; fileRef = B6DFEEE7199034C600DE8BC8 /* OSChannelSettingViewController.m */; };
		B6DFEEEB19903A1E00DE8BC8 /* OSRoomSettingViewController.m in Sources */ = {isa = PBXBuildFile; fileRef = B6DFEEEA19903A1E00DE8BC8 /* OSRoomSettingViewController.m */; };
		B6E16F26198C44FE00346242 /* Signup.storyboard in Resources */ = {isa = PBXBuildFile; fileRef = B6E16F25198C44FE00346242 /* Signup.storyboard */; };
		B6E16F29198C4AA600346242 /* OSUserUtils.m in Sources */ = {isa = PBXBuildFile; fileRef = B6E16F28198C4AA600346242 /* OSUserUtils.m */; };
		B6E16F2B198D9B5E00346242 /* Channel.storyboard in Resources */ = {isa = PBXBuildFile; fileRef = B6E16F2A198D9B5E00346242 /* Channel.storyboard */; };
		B6E16F2D198D9B6900346242 /* Room.storyboard in Resources */ = {isa = PBXBuildFile; fileRef = B6E16F2C198D9B6900346242 /* Room.storyboard */; };
		B6E16F30198D9BA000346242 /* OSChannelViewController.m in Sources */ = {isa = PBXBuildFile; fileRef = B6E16F2F198D9BA000346242 /* OSChannelViewController.m */; };
		B6E16F33198D9BAC00346242 /* OSRoomViewController.m in Sources */ = {isa = PBXBuildFile; fileRef = B6E16F32198D9BAC00346242 /* OSRoomViewController.m */; };
		D351182AA7EE403B88B60017 /* libPods.a in Frameworks */ = {isa = PBXBuildFile; fileRef = E5E4F483B40D4402BEB0FB55 /* libPods.a */; };
		E7D5434C19912CBA002F0660 /* Settings.storyboard in Resources */ = {isa = PBXBuildFile; fileRef = E7D5434B19912CBA002F0660 /* Settings.storyboard */; };
		E7DE37B3197AFA6D00BA623E /* Avenir.ttf in Resources */ = {isa = PBXBuildFile; fileRef = E7DE37B2197AFA6D00BA623E /* Avenir.ttf */; };
		E7EBC919197B758000CF5C48 /* libicucore.dylib in Frameworks */ = {isa = PBXBuildFile; fileRef = E7EBC918197B758000CF5C48 /* libicucore.dylib */; };
		E7EBC91B197B758D00CF5C48 /* CFNetwork.framework in Frameworks */ = {isa = PBXBuildFile; fileRef = E7EBC91A197B758D00CF5C48 /* CFNetwork.framework */; };
		E7EBC91D197B759500CF5C48 /* Security.framework in Frameworks */ = {isa = PBXBuildFile; fileRef = E7EBC91C197B759500CF5C48 /* Security.framework */; };
		E7EBC91F197B759E00CF5C48 /* libc++.dylib in Frameworks */ = {isa = PBXBuildFile; fileRef = E7EBC91E197B759E00CF5C48 /* libc++.dylib */; };
		E7EBC921197B75A400CF5C48 /* SystemConfiguration.framework in Frameworks */ = {isa = PBXBuildFile; fileRef = E7EBC920197B75A400CF5C48 /* SystemConfiguration.framework */; };
		E7EC85DE1999AC6E0079F3BF /* RoomSettings.storyboard in Resources */ = {isa = PBXBuildFile; fileRef = E7EC85DD1999AC6E0079F3BF /* RoomSettings.storyboard */; };
		E7EC85E0199AE3380079F3BF /* ChannelSettings.storyboard in Resources */ = {isa = PBXBuildFile; fileRef = E7EC85DF199AE3380079F3BF /* ChannelSettings.storyboard */; };
/* End PBXBuildFile section */

/* Begin PBXContainerItemProxy section */
		9A6B60EE196D19720016D83B /* PBXContainerItemProxy */ = {
			isa = PBXContainerItemProxy;
			containerPortal = 9A6B60C0196D19710016D83B /* Project object */;
			proxyType = 1;
			remoteGlobalIDString = 9A6B60C7196D19710016D83B;
			remoteInfo = OpenSilo;
		};
/* End PBXContainerItemProxy section */

/* Begin PBXFileReference section */
		9A28E1141986FCA60054FE35 /* MEDynamicTransition.h */ = {isa = PBXFileReference; fileEncoding = 4; lastKnownFileType = sourcecode.c.h; path = MEDynamicTransition.h; sourceTree = "<group>"; };
		9A28E1151986FCA60054FE35 /* MEDynamicTransition.m */ = {isa = PBXFileReference; fileEncoding = 4; lastKnownFileType = sourcecode.c.objc; path = MEDynamicTransition.m; sourceTree = "<group>"; };
		9A28E1161986FCA60054FE35 /* MEFoldAnimationController.h */ = {isa = PBXFileReference; fileEncoding = 4; lastKnownFileType = sourcecode.c.h; path = MEFoldAnimationController.h; sourceTree = "<group>"; };
		9A28E1171986FCA60054FE35 /* MEFoldAnimationController.m */ = {isa = PBXFileReference; fileEncoding = 4; lastKnownFileType = sourcecode.c.objc; path = MEFoldAnimationController.m; sourceTree = "<group>"; };
		9A28E1181986FCA60054FE35 /* METransitions.h */ = {isa = PBXFileReference; fileEncoding = 4; lastKnownFileType = sourcecode.c.h; path = METransitions.h; sourceTree = "<group>"; };
		9A28E1191986FCA60054FE35 /* METransitions.m */ = {isa = PBXFileReference; fileEncoding = 4; lastKnownFileType = sourcecode.c.objc; path = METransitions.m; sourceTree = "<group>"; };
		9A28E11A1986FCA60054FE35 /* MEZoomAnimationController.m */ = {isa = PBXFileReference; fileEncoding = 4; lastKnownFileType = sourcecode.c.objc; path = MEZoomAnimationController.m; sourceTree = "<group>"; };
		9A28E11F1986FCD10054FE35 /* MEZoomAnimationController.h */ = {isa = PBXFileReference; fileEncoding = 4; lastKnownFileType = sourcecode.c.h; path = MEZoomAnimationController.h; sourceTree = "<group>"; };
		9A6B60C8196D19710016D83B /* OpenSilo.app */ = {isa = PBXFileReference; explicitFileType = wrapper.application; includeInIndex = 0; path = OpenSilo.app; sourceTree = BUILT_PRODUCTS_DIR; };
		9A6B60CB196D19710016D83B /* Foundation.framework */ = {isa = PBXFileReference; lastKnownFileType = wrapper.framework; name = Foundation.framework; path = System/Library/Frameworks/Foundation.framework; sourceTree = SDKROOT; };
		9A6B60CD196D19710016D83B /* CoreGraphics.framework */ = {isa = PBXFileReference; lastKnownFileType = wrapper.framework; name = CoreGraphics.framework; path = System/Library/Frameworks/CoreGraphics.framework; sourceTree = SDKROOT; };
		9A6B60CF196D19710016D83B /* UIKit.framework */ = {isa = PBXFileReference; lastKnownFileType = wrapper.framework; name = UIKit.framework; path = System/Library/Frameworks/UIKit.framework; sourceTree = SDKROOT; };
		9A6B60D3196D19710016D83B /* OpenSilo-Info.plist */ = {isa = PBXFileReference; lastKnownFileType = text.plist.xml; path = "OpenSilo-Info.plist"; sourceTree = "<group>"; };
		9A6B60D5196D19710016D83B /* en */ = {isa = PBXFileReference; lastKnownFileType = text.plist.strings; name = en; path = en.lproj/InfoPlist.strings; sourceTree = "<group>"; };
		9A6B60D7196D19710016D83B /* main.m */ = {isa = PBXFileReference; lastKnownFileType = sourcecode.c.objc; path = main.m; sourceTree = "<group>"; };
		9A6B60D9196D19710016D83B /* OpenSilo-Prefix.pch */ = {isa = PBXFileReference; lastKnownFileType = sourcecode.c.h; path = "OpenSilo-Prefix.pch"; sourceTree = "<group>"; };
		9A6B60DA196D19710016D83B /* OSAppDelegate.h */ = {isa = PBXFileReference; lastKnownFileType = sourcecode.c.h; path = OSAppDelegate.h; sourceTree = "<group>"; };
		9A6B60DB196D19710016D83B /* OSAppDelegate.m */ = {isa = PBXFileReference; lastKnownFileType = sourcecode.c.objc; path = OSAppDelegate.m; sourceTree = "<group>"; };
		9A6B60DE196D19710016D83B /* Base */ = {isa = PBXFileReference; lastKnownFileType = file.storyboard; name = Base; path = Base.lproj/Main.storyboard; sourceTree = "<group>"; };
		9A6B60E0196D19710016D83B /* OSViewController.h */ = {isa = PBXFileReference; lastKnownFileType = sourcecode.c.h; path = OSViewController.h; sourceTree = "<group>"; };
		9A6B60E1196D19720016D83B /* OSViewController.m */ = {isa = PBXFileReference; lastKnownFileType = sourcecode.c.objc; path = OSViewController.m; sourceTree = "<group>"; };
		9A6B60E3196D19720016D83B /* Images.xcassets */ = {isa = PBXFileReference; lastKnownFileType = folder.assetcatalog; path = Images.xcassets; sourceTree = "<group>"; };
		9A6B60E9196D19720016D83B /* OpenSiloTests.xctest */ = {isa = PBXFileReference; explicitFileType = wrapper.cfbundle; includeInIndex = 0; path = OpenSiloTests.xctest; sourceTree = BUILT_PRODUCTS_DIR; };
		9A6B60EA196D19720016D83B /* XCTest.framework */ = {isa = PBXFileReference; lastKnownFileType = wrapper.framework; name = XCTest.framework; path = Library/Frameworks/XCTest.framework; sourceTree = DEVELOPER_DIR; };
		9A6B60F2196D19720016D83B /* OpenSiloTests-Info.plist */ = {isa = PBXFileReference; lastKnownFileType = text.plist.xml; path = "OpenSiloTests-Info.plist"; sourceTree = "<group>"; };
		9A6B60F4196D19720016D83B /* en */ = {isa = PBXFileReference; lastKnownFileType = text.plist.strings; name = en; path = en.lproj/InfoPlist.strings; sourceTree = "<group>"; };
		9A6B60F6196D19720016D83B /* OpenSiloTests.m */ = {isa = PBXFileReference; lastKnownFileType = sourcecode.c.objc; path = OpenSiloTests.m; sourceTree = "<group>"; };
		9A6B610F196D2D3F0016D83B /* Configure.plist */ = {isa = PBXFileReference; fileEncoding = 4; lastKnownFileType = text.plist.xml; path = Configure.plist; sourceTree = "<group>"; };
		9A6C7E211977859D0053AC76 /* OSLoginViewController.h */ = {isa = PBXFileReference; fileEncoding = 4; lastKnownFileType = sourcecode.c.h; path = OSLoginViewController.h; sourceTree = "<group>"; };
		9A6C7E221977859D0053AC76 /* OSLoginViewController.m */ = {isa = PBXFileReference; fileEncoding = 4; lastKnownFileType = sourcecode.c.objc; path = OSLoginViewController.m; sourceTree = "<group>"; };
		9A6C7E24197785A70053AC76 /* Login.storyboard */ = {isa = PBXFileReference; fileEncoding = 4; lastKnownFileType = file.storyboard; path = Login.storyboard; sourceTree = "<group>"; };
		9A6C7E26197785AF0053AC76 /* OSMacro.h */ = {isa = PBXFileReference; lastKnownFileType = sourcecode.c.h; path = OSMacro.h; sourceTree = "<group>"; };
		9A6C7E27197785CA0053AC76 /* OSUIMacro.h */ = {isa = PBXFileReference; lastKnownFileType = sourcecode.c.h; path = OSUIMacro.h; sourceTree = "<group>"; };
		9A6C7E28197785CA0053AC76 /* OSWebServiceMacro.h */ = {isa = PBXFileReference; lastKnownFileType = sourcecode.c.h; path = OSWebServiceMacro.h; sourceTree = "<group>"; };
		9AAB08371978D9CE00FBE96D /* OSDateTimeUtils.h */ = {isa = PBXFileReference; fileEncoding = 4; lastKnownFileType = sourcecode.c.h; path = OSDateTimeUtils.h; sourceTree = "<group>"; };
		9AAB08381978D9CE00FBE96D /* OSDateTimeUtils.m */ = {isa = PBXFileReference; fileEncoding = 4; lastKnownFileType = sourcecode.c.objc; path = OSDateTimeUtils.m; sourceTree = "<group>"; };
		9AB1C8CC19A1AB2A00FF2DEA /* BoxAuthorizationNavigationController.h */ = {isa = PBXFileReference; fileEncoding = 4; lastKnownFileType = sourcecode.c.h; path = BoxAuthorizationNavigationController.h; sourceTree = "<group>"; };
		9AB1C8CD19A1AB2A00FF2DEA /* BoxAuthorizationNavigationController.m */ = {isa = PBXFileReference; fileEncoding = 4; lastKnownFileType = sourcecode.c.objc; path = BoxAuthorizationNavigationController.m; sourceTree = "<group>"; };
		9AB1C8CF19A1AB2A00FF2DEA /* BoxFolderViewController.h */ = {isa = PBXFileReference; fileEncoding = 4; lastKnownFileType = sourcecode.c.h; path = BoxFolderViewController.h; sourceTree = "<group>"; };
		9AB1C8D019A1AB2A00FF2DEA /* BoxFolderViewController.m */ = {isa = PBXFileReference; fileEncoding = 4; lastKnownFileType = sourcecode.c.objc; path = BoxFolderViewController.m; sourceTree = "<group>"; };
		9AB1C8D119A1AB2A00FF2DEA /* BoxNavigationController.h */ = {isa = PBXFileReference; fileEncoding = 4; lastKnownFileType = sourcecode.c.h; path = BoxNavigationController.h; sourceTree = "<group>"; };
		9AB1C8D219A1AB2A00FF2DEA /* BoxNavigationController.m */ = {isa = PBXFileReference; fileEncoding = 4; lastKnownFileType = sourcecode.c.objc; path = BoxNavigationController.m; sourceTree = "<group>"; };
		9AB1C8D319A1AB2A00FF2DEA /* OSInboxViewController.h */ = {isa = PBXFileReference; fileEncoding = 4; lastKnownFileType = sourcecode.c.h; path = OSInboxViewController.h; sourceTree = "<group>"; };
		9AB1C8D819A1AB4500FF2DEA /* BoxFolder.storyboard */ = {isa = PBXFileReference; fileEncoding = 4; lastKnownFileType = file.storyboard; path = BoxFolder.storyboard; sourceTree = "<group>"; };
		9AB1C8DA19A1AB6800FF2DEA /* KeychainItemWrapper.h */ = {isa = PBXFileReference; fileEncoding = 4; lastKnownFileType = sourcecode.c.h; path = KeychainItemWrapper.h; sourceTree = "<group>"; };
		9AB1C8DB19A1AB6800FF2DEA /* KeychainItemWrapper.m */ = {isa = PBXFileReference; fileEncoding = 4; lastKnownFileType = sourcecode.c.objc; path = KeychainItemWrapper.m; sourceTree = "<group>"; };
		9AB7AF4E19903B9D0008D9B8 /* OSForgotPassword.xib */ = {isa = PBXFileReference; fileEncoding = 4; lastKnownFileType = file.xib; path = OSForgotPassword.xib; sourceTree = "<group>"; };
		9AB7AF5019903CE70008D9B8 /* OSSettingViewController.h */ = {isa = PBXFileReference; fileEncoding = 4; lastKnownFileType = sourcecode.c.h; path = OSSettingViewController.h; sourceTree = "<group>"; };
		9AB7AF5119903CE70008D9B8 /* OSSettingViewController.m */ = {isa = PBXFileReference; fileEncoding = 4; lastKnownFileType = sourcecode.c.objc; path = OSSettingViewController.m; sourceTree = "<group>"; };
		9ACBC1A11996E68D00EFD660 /* OSInboxViewController.h */ = {isa = PBXFileReference; fileEncoding = 4; lastKnownFileType = sourcecode.c.h; path = OSInboxViewController.h; sourceTree = "<group>"; };
		9ACBC1A21996E68D00EFD660 /* OSInboxViewController.m */ = {isa = PBXFileReference; fileEncoding = 4; lastKnownFileType = sourcecode.c.objc; path = OSInboxViewController.m; sourceTree = "<group>"; };
		9ADD59CF197E35630090DBC4 /* OSConstant.h */ = {isa = PBXFileReference; fileEncoding = 4; lastKnownFileType = sourcecode.c.h; path = OSConstant.h; sourceTree = "<group>"; };
		9ADD59D0197E35630090DBC4 /* OSConstant.m */ = {isa = PBXFileReference; fileEncoding = 4; lastKnownFileType = sourcecode.c.objc; path = OSConstant.m; sourceTree = "<group>"; };
		9AF10D9B19761BBC00474A2A /* OSSession.h */ = {isa = PBXFileReference; fileEncoding = 4; lastKnownFileType = sourcecode.c.h; path = OSSession.h; sourceTree = "<group>"; };
		9AF10D9C19761BBC00474A2A /* OSSession.m */ = {isa = PBXFileReference; fileEncoding = 4; lastKnownFileType = sourcecode.c.objc; path = OSSession.m; sourceTree = "<group>"; };
		9AF10D9E19761BD600474A2A /* OSUser.h */ = {isa = PBXFileReference; fileEncoding = 4; lastKnownFileType = sourcecode.c.h; path = OSUser.h; sourceTree = "<group>"; };
		9AF10D9F19761BD600474A2A /* OSUser.m */ = {isa = PBXFileReference; fileEncoding = 4; lastKnownFileType = sourcecode.c.objc; path = OSUser.m; sourceTree = "<group>"; };
		9AF10DA41976230A00474A2A /* OSMessage.m */ = {isa = PBXFileReference; fileEncoding = 4; lastKnownFileType = sourcecode.c.objc; path = OSMessage.m; sourceTree = "<group>"; };
		9AF10DA51976230A00474A2A /* OSMessage.h */ = {isa = PBXFileReference; fileEncoding = 4; lastKnownFileType = sourcecode.c.h; path = OSMessage.h; sourceTree = "<group>"; };
		9AF10DA61976230A00474A2A /* OSChilli.m */ = {isa = PBXFileReference; fileEncoding = 4; lastKnownFileType = sourcecode.c.objc; path = OSChilli.m; sourceTree = "<group>"; };
		9AF10DA71976230A00474A2A /* OSChilli.h */ = {isa = PBXFileReference; fileEncoding = 4; lastKnownFileType = sourcecode.c.h; path = OSChilli.h; sourceTree = "<group>"; };
		9AF10DAB19762A5E00474A2A /* OSTag.h */ = {isa = PBXFileReference; fileEncoding = 4; lastKnownFileType = sourcecode.c.h; path = OSTag.h; sourceTree = "<group>"; };
		9AF10DAC19762A5E00474A2A /* OSTag.m */ = {isa = PBXFileReference; fileEncoding = 4; lastKnownFileType = sourcecode.c.objc; path = OSTag.m; sourceTree = "<group>"; };
		ACFD39B11A034E4BB459C1FE /* Pods.xcconfig */ = {isa = PBXFileReference; includeInIndex = 1; lastKnownFileType = text.xcconfig; name = Pods.xcconfig; path = Pods/Pods.xcconfig; sourceTree = "<group>"; };
		B61592341981A3DF00D3AE9C /* OSToastUtils.h */ = {isa = PBXFileReference; fileEncoding = 4; lastKnownFileType = sourcecode.c.h; path = OSToastUtils.h; sourceTree = "<group>"; };
		B61592351981A3DF00D3AE9C /* OSToastUtils.m */ = {isa = PBXFileReference; fileEncoding = 4; lastKnownFileType = sourcecode.c.objc; path = OSToastUtils.m; sourceTree = "<group>"; };
		B61592371981A4C200D3AE9C /* OSRequestUtils.h */ = {isa = PBXFileReference; fileEncoding = 4; lastKnownFileType = sourcecode.c.h; path = OSRequestUtils.h; sourceTree = "<group>"; };
		B61592381981A4C200D3AE9C /* OSRequestUtils.m */ = {isa = PBXFileReference; fileEncoding = 4; lastKnownFileType = sourcecode.c.objc; path = OSRequestUtils.m; sourceTree = "<group>"; };
		B62F33F6197AE69700BD8CEA /* UITableViewCell+NIB.h */ = {isa = PBXFileReference; fileEncoding = 4; lastKnownFileType = sourcecode.c.h; path = "UITableViewCell+NIB.h"; sourceTree = "<group>"; };
		B62F33F7197AE69700BD8CEA /* UITableViewCell+NIB.m */ = {isa = PBXFileReference; fileEncoding = 4; lastKnownFileType = sourcecode.c.objc; path = "UITableViewCell+NIB.m"; sourceTree = "<group>"; };
		B6354ED2197C804700CC720C /* rightPanel.storyboard */ = {isa = PBXFileReference; fileEncoding = 4; lastKnownFileType = file.storyboard; path = rightPanel.storyboard; sourceTree = "<group>"; };
		B6354ED9197C807800CC720C /* OSRightPanelViewController.h */ = {isa = PBXFileReference; fileEncoding = 4; lastKnownFileType = sourcecode.c.h; path = OSRightPanelViewController.h; sourceTree = "<group>"; };
		B6354EDA197C807800CC720C /* OSRightPanelViewController.m */ = {isa = PBXFileReference; fileEncoding = 4; lastKnownFileType = sourcecode.c.objc; path = OSRightPanelViewController.m; sourceTree = "<group>"; };
		B6354EDC197ED80D00CC720C /* OSTranscriptTableViewCell.h */ = {isa = PBXFileReference; fileEncoding = 4; lastKnownFileType = sourcecode.c.h; path = OSTranscriptTableViewCell.h; sourceTree = "<group>"; };
		B6354EDD197ED80D00CC720C /* OSTranscriptTableViewCell.m */ = {isa = PBXFileReference; fileEncoding = 4; lastKnownFileType = sourcecode.c.objc; path = OSTranscriptTableViewCell.m; sourceTree = "<group>"; };
		B6354EDE197ED80D00CC720C /* OSTranscriptTableViewCell.xib */ = {isa = PBXFileReference; fileEncoding = 4; lastKnownFileType = file.xib; path = OSTranscriptTableViewCell.xib; sourceTree = "<group>"; };
		B6354EE1197EFAF500CC720C /* OSPeopleTableViewCell.h */ = {isa = PBXFileReference; fileEncoding = 4; lastKnownFileType = sourcecode.c.h; path = OSPeopleTableViewCell.h; sourceTree = "<group>"; };
		B6354EE2197EFAF500CC720C /* OSPeopleTableViewCell.m */ = {isa = PBXFileReference; fileEncoding = 4; lastKnownFileType = sourcecode.c.objc; path = OSPeopleTableViewCell.m; sourceTree = "<group>"; };
		B6354EE3197EFAF500CC720C /* OSPeopleTableViewCell.xib */ = {isa = PBXFileReference; fileEncoding = 4; lastKnownFileType = file.xib; path = OSPeopleTableViewCell.xib; sourceTree = "<group>"; };
		B63A593719A18F9C003EA132 /* OSGuidUtils.h */ = {isa = PBXFileReference; fileEncoding = 4; lastKnownFileType = sourcecode.c.h; path = OSGuidUtils.h; sourceTree = "<group>"; };
		B63A593819A18F9C003EA132 /* OSGuidUtils.m */ = {isa = PBXFileReference; fileEncoding = 4; lastKnownFileType = sourcecode.c.objc; path = OSGuidUtils.m; sourceTree = "<group>"; };
		B63A594919A19896003EA132 /* OSFileTableViewCell.h */ = {isa = PBXFileReference; fileEncoding = 4; lastKnownFileType = sourcecode.c.h; path = OSFileTableViewCell.h; sourceTree = "<group>"; };
		B63A594A19A19896003EA132 /* OSFileTableViewCell.m */ = {isa = PBXFileReference; fileEncoding = 4; lastKnownFileType = sourcecode.c.objc; path = OSFileTableViewCell.m; sourceTree = "<group>"; };
		B63A594B19A19896003EA132 /* OSFileTableViewCell.xib */ = {isa = PBXFileReference; fileEncoding = 4; lastKnownFileType = file.xib; path = OSFileTableViewCell.xib; sourceTree = "<group>"; };
		B63A594E19A198A2003EA132 /* OSPinQuestionTableViewCell.h */ = {isa = PBXFileReference; fileEncoding = 4; lastKnownFileType = sourcecode.c.h; path = OSPinQuestionTableViewCell.h; sourceTree = "<group>"; };
		B63A594F19A198A2003EA132 /* OSPinQuestionTableViewCell.m */ = {isa = PBXFileReference; fileEncoding = 4; lastKnownFileType = sourcecode.c.objc; path = OSPinQuestionTableViewCell.m; sourceTree = "<group>"; };
		B63A595019A198A2003EA132 /* OSPinQuestionTableViewCell.xib */ = {isa = PBXFileReference; fileEncoding = 4; lastKnownFileType = file.xib; path = OSPinQuestionTableViewCell.xib; sourceTree = "<group>"; };
		B64876EA19883BB000B42189 /* OSEntranceViewController.h */ = {isa = PBXFileReference; fileEncoding = 4; lastKnownFileType = sourcecode.c.h; path = OSEntranceViewController.h; sourceTree = "<group>"; };
		B64876EB19883BB000B42189 /* OSEntranceViewController.m */ = {isa = PBXFileReference; fileEncoding = 4; lastKnownFileType = sourcecode.c.objc; path = OSEntranceViewController.m; sourceTree = "<group>"; };
		B64876ED19883BE800B42189 /* Entrance.storyboard */ = {isa = PBXFileReference; fileEncoding = 4; lastKnownFileType = file.storyboard; path = Entrance.storyboard; sourceTree = "<group>"; };
		B64876EF19883F2400B42189 /* OSSignUpViewController.h */ = {isa = PBXFileReference; fileEncoding = 4; lastKnownFileType = sourcecode.c.h; path = OSSignUpViewController.h; sourceTree = "<group>"; };
		B64876F019883F2400B42189 /* OSSignUpViewController.m */ = {isa = PBXFileReference; fileEncoding = 4; lastKnownFileType = sourcecode.c.objc; path = OSSignUpViewController.m; sourceTree = "<group>"; };
		B64B69261975AC17009F7B05 /* OSChannel.h */ = {isa = PBXFileReference; fileEncoding = 4; lastKnownFileType = sourcecode.c.h; name = OSChannel.h; path = model/OSChannel.h; sourceTree = "<group>"; };
		B64B69271975AC17009F7B05 /* OSChannel.m */ = {isa = PBXFileReference; fileEncoding = 4; lastKnownFileType = sourcecode.c.objc; name = OSChannel.m; path = model/OSChannel.m; sourceTree = "<group>"; };
		B64B69291975AE89009F7B05 /* OSRoom.h */ = {isa = PBXFileReference; fileEncoding = 4; lastKnownFileType = sourcecode.c.h; name = OSRoom.h; path = model/OSRoom.h; sourceTree = "<group>"; };
		B64B692A1975AE89009F7B05 /* OSRoom.m */ = {isa = PBXFileReference; fileEncoding = 4; lastKnownFileType = sourcecode.c.objc; name = OSRoom.m; path = model/OSRoom.m; sourceTree = "<group>"; };
		B656ECA019A3EFAC001D091C /* OSDataManager.h */ = {isa = PBXFileReference; fileEncoding = 4; lastKnownFileType = sourcecode.c.h; path = OSDataManager.h; sourceTree = "<group>"; };
		B656ECA119A3EFAC001D091C /* OSDataManager.m */ = {isa = PBXFileReference; fileEncoding = 4; lastKnownFileType = sourcecode.c.objc; path = OSDataManager.m; sourceTree = "<group>"; };
		B656ECA419A3F4F3001D091C /* OSNotificationViewController.h */ = {isa = PBXFileReference; fileEncoding = 4; lastKnownFileType = sourcecode.c.h; path = OSNotificationViewController.h; sourceTree = "<group>"; };
		B656ECA519A3F4F3001D091C /* OSNotificationViewController.m */ = {isa = PBXFileReference; fileEncoding = 4; lastKnownFileType = sourcecode.c.objc; path = OSNotificationViewController.m; sourceTree = "<group>"; };
		B656ECA719A40299001D091C /* Inbox.storyboard */ = {isa = PBXFileReference; fileEncoding = 4; lastKnownFileType = file.storyboard; path = Inbox.storyboard; sourceTree = "<group>"; };
		B656ECA919A403C5001D091C /* Notifications.storyboard */ = {isa = PBXFileReference; fileEncoding = 4; lastKnownFileType = file.storyboard; path = Notifications.storyboard; sourceTree = "<group>"; };
		B6A5E10B198AC59C00772EC8 /* OSInviteViewController.h */ = {isa = PBXFileReference; fileEncoding = 4; lastKnownFileType = sourcecode.c.h; path = OSInviteViewController.h; sourceTree = "<group>"; };
		B6A5E10C198AC59C00772EC8 /* OSInviteViewController.m */ = {isa = PBXFileReference; fileEncoding = 4; lastKnownFileType = sourcecode.c.objc; path = OSInviteViewController.m; sourceTree = "<group>"; };
		B6A5E10E198AD14900772EC8 /* OSSearchViewController.h */ = {isa = PBXFileReference; fileEncoding = 4; lastKnownFileType = sourcecode.c.h; path = OSSearchViewController.h; sourceTree = "<group>"; };
		B6A5E10F198AD14900772EC8 /* OSSearchViewController.m */ = {isa = PBXFileReference; fileEncoding = 4; lastKnownFileType = sourcecode.c.objc; path = OSSearchViewController.m; sourceTree = "<group>"; };
		B6A5E111198AD16A00772EC8 /* Search.storyboard */ = {isa = PBXFileReference; fileEncoding = 4; lastKnownFileType = file.storyboard; path = Search.storyboard; sourceTree = "<group>"; };
		B6A5E113198AE65300772EC8 /* DTCustomColoredAccessory.h */ = {isa = PBXFileReference; fileEncoding = 4; lastKnownFileType = sourcecode.c.h; path = DTCustomColoredAccessory.h; sourceTree = "<group>"; };
		B6A5E114198AE65300772EC8 /* DTCustomColoredAccessory.m */ = {isa = PBXFileReference; fileEncoding = 4; lastKnownFileType = sourcecode.c.objc; path = DTCustomColoredAccessory.m; sourceTree = "<group>"; };
		B6A5E115198AE65300772EC8 /* OSLeftPanelViewController.h */ = {isa = PBXFileReference; fileEncoding = 4; lastKnownFileType = sourcecode.c.h; path = OSLeftPanelViewController.h; sourceTree = "<group>"; };
		B6A5E116198AE65300772EC8 /* OSLeftPanelViewController.m */ = {isa = PBXFileReference; fileEncoding = 4; lastKnownFileType = sourcecode.c.objc; path = OSLeftPanelViewController.m; sourceTree = "<group>"; };
		B6A5E119198AE71700772EC8 /* InvitePeople.storyboard */ = {isa = PBXFileReference; fileEncoding = 4; lastKnownFileType = file.storyboard; path = InvitePeople.storyboard; sourceTree = "<group>"; };
		B6A5E11B198AEA9900772EC8 /* leftPanel.storyboard */ = {isa = PBXFileReference; fileEncoding = 4; lastKnownFileType = file.storyboard; path = leftPanel.storyboard; sourceTree = "<group>"; };
		B6A5E11D198AEC0000772EC8 /* OSAskQuestionViewController.h */ = {isa = PBXFileReference; fileEncoding = 4; lastKnownFileType = sourcecode.c.h; path = OSAskQuestionViewController.h; sourceTree = "<group>"; };
		B6A5E11E198AEC0000772EC8 /* OSAskQuestionViewController.m */ = {isa = PBXFileReference; fileEncoding = 4; lastKnownFileType = sourcecode.c.objc; path = OSAskQuestionViewController.m; sourceTree = "<group>"; };
		B6A5E120198AEC1500772EC8 /* AskQuestion.storyboard */ = {isa = PBXFileReference; fileEncoding = 4; lastKnownFileType = file.storyboard; path = AskQuestion.storyboard; sourceTree = "<group>"; };
		B6A5E122198AEC6E00772EC8 /* CreateChannel.storyboard */ = {isa = PBXFileReference; fileEncoding = 4; lastKnownFileType = file.storyboard; path = CreateChannel.storyboard; sourceTree = "<group>"; };
		B6A5E124198AEC8000772EC8 /* OSCreateChannelViewController.h */ = {isa = PBXFileReference; fileEncoding = 4; lastKnownFileType = sourcecode.c.h; path = OSCreateChannelViewController.h; sourceTree = "<group>"; };
		B6A5E125198AEC8000772EC8 /* OSCreateChannelViewController.m */ = {isa = PBXFileReference; fileEncoding = 4; lastKnownFileType = sourcecode.c.objc; path = OSCreateChannelViewController.m; sourceTree = "<group>"; };
		B6DFEEE6199034C600DE8BC8 /* OSChannelSettingViewController.h */ = {isa = PBXFileReference; fileEncoding = 4; lastKnownFileType = sourcecode.c.h; path = OSChannelSettingViewController.h; sourceTree = "<group>"; };
		B6DFEEE7199034C600DE8BC8 /* OSChannelSettingViewController.m */ = {isa = PBXFileReference; fileEncoding = 4; lastKnownFileType = sourcecode.c.objc; path = OSChannelSettingViewController.m; sourceTree = "<group>"; };
		B6DFEEE919903A1E00DE8BC8 /* OSRoomSettingViewController.h */ = {isa = PBXFileReference; fileEncoding = 4; lastKnownFileType = sourcecode.c.h; path = OSRoomSettingViewController.h; sourceTree = "<group>"; };
		B6DFEEEA19903A1E00DE8BC8 /* OSRoomSettingViewController.m */ = {isa = PBXFileReference; fileEncoding = 4; lastKnownFileType = sourcecode.c.objc; path = OSRoomSettingViewController.m; sourceTree = "<group>"; };
		B6E16F25198C44FE00346242 /* Signup.storyboard */ = {isa = PBXFileReference; fileEncoding = 4; lastKnownFileType = file.storyboard; path = Signup.storyboard; sourceTree = "<group>"; };
		B6E16F27198C4AA600346242 /* OSUserUtils.h */ = {isa = PBXFileReference; fileEncoding = 4; lastKnownFileType = sourcecode.c.h; path = OSUserUtils.h; sourceTree = "<group>"; };
		B6E16F28198C4AA600346242 /* OSUserUtils.m */ = {isa = PBXFileReference; fileEncoding = 4; lastKnownFileType = sourcecode.c.objc; path = OSUserUtils.m; sourceTree = "<group>"; };
		B6E16F2A198D9B5E00346242 /* Channel.storyboard */ = {isa = PBXFileReference; fileEncoding = 4; lastKnownFileType = file.storyboard; path = Channel.storyboard; sourceTree = "<group>"; };
		B6E16F2C198D9B6900346242 /* Room.storyboard */ = {isa = PBXFileReference; fileEncoding = 4; lastKnownFileType = file.storyboard; path = Room.storyboard; sourceTree = "<group>"; };
		B6E16F2E198D9BA000346242 /* OSChannelViewController.h */ = {isa = PBXFileReference; fileEncoding = 4; lastKnownFileType = sourcecode.c.h; path = OSChannelViewController.h; sourceTree = "<group>"; };
		B6E16F2F198D9BA000346242 /* OSChannelViewController.m */ = {isa = PBXFileReference; fileEncoding = 4; lastKnownFileType = sourcecode.c.objc; path = OSChannelViewController.m; sourceTree = "<group>"; };
		B6E16F31198D9BAC00346242 /* OSRoomViewController.h */ = {isa = PBXFileReference; fileEncoding = 4; lastKnownFileType = sourcecode.c.h; path = OSRoomViewController.h; sourceTree = "<group>"; };
		B6E16F32198D9BAC00346242 /* OSRoomViewController.m */ = {isa = PBXFileReference; fileEncoding = 4; lastKnownFileType = sourcecode.c.objc; path = OSRoomViewController.m; sourceTree = "<group>"; };
		E5E4F483B40D4402BEB0FB55 /* libPods.a */ = {isa = PBXFileReference; explicitFileType = archive.ar; includeInIndex = 0; path = libPods.a; sourceTree = BUILT_PRODUCTS_DIR; };
		E7D5434B19912CBA002F0660 /* Settings.storyboard */ = {isa = PBXFileReference; fileEncoding = 4; lastKnownFileType = file.storyboard; path = Settings.storyboard; sourceTree = "<group>"; };
		E7DE37B2197AFA6D00BA623E /* Avenir.ttf */ = {isa = PBXFileReference; lastKnownFileType = file; path = Avenir.ttf; sourceTree = "<group>"; };
		E7EBC918197B758000CF5C48 /* libicucore.dylib */ = {isa = PBXFileReference; lastKnownFileType = "compiled.mach-o.dylib"; name = libicucore.dylib; path = usr/lib/libicucore.dylib; sourceTree = SDKROOT; };
		E7EBC91A197B758D00CF5C48 /* CFNetwork.framework */ = {isa = PBXFileReference; lastKnownFileType = wrapper.framework; name = CFNetwork.framework; path = System/Library/Frameworks/CFNetwork.framework; sourceTree = SDKROOT; };
		E7EBC91C197B759500CF5C48 /* Security.framework */ = {isa = PBXFileReference; lastKnownFileType = wrapper.framework; name = Security.framework; path = System/Library/Frameworks/Security.framework; sourceTree = SDKROOT; };
		E7EBC91E197B759E00CF5C48 /* libc++.dylib */ = {isa = PBXFileReference; lastKnownFileType = "compiled.mach-o.dylib"; name = "libc++.dylib"; path = "usr/lib/libc++.dylib"; sourceTree = SDKROOT; };
		E7EBC920197B75A400CF5C48 /* SystemConfiguration.framework */ = {isa = PBXFileReference; lastKnownFileType = wrapper.framework; name = SystemConfiguration.framework; path = System/Library/Frameworks/SystemConfiguration.framework; sourceTree = SDKROOT; };
		E7EC85DD1999AC6E0079F3BF /* RoomSettings.storyboard */ = {isa = PBXFileReference; fileEncoding = 4; lastKnownFileType = file.storyboard; path = RoomSettings.storyboard; sourceTree = "<group>"; };
		E7EC85DF199AE3380079F3BF /* ChannelSettings.storyboard */ = {isa = PBXFileReference; fileEncoding = 4; lastKnownFileType = file.storyboard; path = ChannelSettings.storyboard; sourceTree = "<group>"; };
/* End PBXFileReference section */

/* Begin PBXFrameworksBuildPhase section */
		9A6B60C5196D19710016D83B /* Frameworks */ = {
			isa = PBXFrameworksBuildPhase;
			buildActionMask = 2147483647;
			files = (
				E7EBC921197B75A400CF5C48 /* SystemConfiguration.framework in Frameworks */,
				E7EBC91F197B759E00CF5C48 /* libc++.dylib in Frameworks */,
				E7EBC91D197B759500CF5C48 /* Security.framework in Frameworks */,
				E7EBC91B197B758D00CF5C48 /* CFNetwork.framework in Frameworks */,
				E7EBC919197B758000CF5C48 /* libicucore.dylib in Frameworks */,
				9A6B60CE196D19710016D83B /* CoreGraphics.framework in Frameworks */,
				9A6B60D0196D19710016D83B /* UIKit.framework in Frameworks */,
				9A6B60CC196D19710016D83B /* Foundation.framework in Frameworks */,
				D351182AA7EE403B88B60017 /* libPods.a in Frameworks */,
			);
			runOnlyForDeploymentPostprocessing = 0;
		};
		9A6B60E6196D19720016D83B /* Frameworks */ = {
			isa = PBXFrameworksBuildPhase;
			buildActionMask = 2147483647;
			files = (
				9A6B60EB196D19720016D83B /* XCTest.framework in Frameworks */,
				9A6B60ED196D19720016D83B /* UIKit.framework in Frameworks */,
				9A6B60EC196D19720016D83B /* Foundation.framework in Frameworks */,
			);
			runOnlyForDeploymentPostprocessing = 0;
		};
/* End PBXFrameworksBuildPhase section */

/* Begin PBXGroup section */
		9A3FFA5A1985D32400237AD1 /* Transition */ = {
			isa = PBXGroup;
			children = (
				9A28E1141986FCA60054FE35 /* MEDynamicTransition.h */,
				9A28E1151986FCA60054FE35 /* MEDynamicTransition.m */,
				9A28E1161986FCA60054FE35 /* MEFoldAnimationController.h */,
				9A28E1171986FCA60054FE35 /* MEFoldAnimationController.m */,
				9A28E11F1986FCD10054FE35 /* MEZoomAnimationController.h */,
				9A28E11A1986FCA60054FE35 /* MEZoomAnimationController.m */,
				9A28E1181986FCA60054FE35 /* METransitions.h */,
				9A28E1191986FCA60054FE35 /* METransitions.m */,
			);
			name = Transition;
			sourceTree = "<group>";
		};
		9A6B60BF196D19710016D83B = {
			isa = PBXGroup;
			children = (
				9A6B60D1196D19710016D83B /* OpenSilo */,
				9A6B60F0196D19720016D83B /* OpenSiloTests */,
				9A6B60CA196D19710016D83B /* Frameworks */,
				9A6B60C9196D19710016D83B /* Products */,
				ACFD39B11A034E4BB459C1FE /* Pods.xcconfig */,
			);
			sourceTree = "<group>";
		};
		9A6B60C9196D19710016D83B /* Products */ = {
			isa = PBXGroup;
			children = (
				9A6B60C8196D19710016D83B /* OpenSilo.app */,
				9A6B60E9196D19720016D83B /* OpenSiloTests.xctest */,
			);
			name = Products;
			sourceTree = "<group>";
		};
		9A6B60CA196D19710016D83B /* Frameworks */ = {
			isa = PBXGroup;
			children = (
				E7EBC920197B75A400CF5C48 /* SystemConfiguration.framework */,
				E7EBC91E197B759E00CF5C48 /* libc++.dylib */,
				E7EBC91C197B759500CF5C48 /* Security.framework */,
				E7EBC91A197B758D00CF5C48 /* CFNetwork.framework */,
				E7EBC918197B758000CF5C48 /* libicucore.dylib */,
				9A6B60CB196D19710016D83B /* Foundation.framework */,
				9A6B60CD196D19710016D83B /* CoreGraphics.framework */,
				9A6B60CF196D19710016D83B /* UIKit.framework */,
				9A6B60EA196D19720016D83B /* XCTest.framework */,
				E5E4F483B40D4402BEB0FB55 /* libPods.a */,
			);
			name = Frameworks;
			sourceTree = "<group>";
		};
		9A6B60D1196D19710016D83B /* OpenSilo */ = {
			isa = PBXGroup;
			children = (
				9A6C7E26197785AF0053AC76 /* OSMacro.h */,
				9A6C7E27197785CA0053AC76 /* OSUIMacro.h */,
				9A6C7E28197785CA0053AC76 /* OSWebServiceMacro.h */,
				9A6B60DA196D19710016D83B /* OSAppDelegate.h */,
				9A6B60DB196D19710016D83B /* OSAppDelegate.m */,
				B62F33DD197A65EB00BD8CEA /* ThirdParty */,
				B64B692D1975D37B009F7B05 /* Controller */,
				B64B692C1975D371009F7B05 /* Views */,
				B64B691F1975A775009F7B05 /* Model */,
				9AADA584197993EB000F8DED /* Networking */,
				B64B692E1975D385009F7B05 /* Utilities */,
				E7DE37B1197AFA2800BA623E /* Resources */,
				9A6B60E3196D19720016D83B /* Images.xcassets */,
				9A6B60D2196D19710016D83B /* Supporting Files */,
				9A6B610F196D2D3F0016D83B /* Configure.plist */,
			);
			path = OpenSilo;
			sourceTree = "<group>";
		};
		9A6B60D2196D19710016D83B /* Supporting Files */ = {
			isa = PBXGroup;
			children = (
				9A6B60D3196D19710016D83B /* OpenSilo-Info.plist */,
				9A6B60D4196D19710016D83B /* InfoPlist.strings */,
				9A6B60D7196D19710016D83B /* main.m */,
				9A6B60D9196D19710016D83B /* OpenSilo-Prefix.pch */,
			);
			name = "Supporting Files";
			sourceTree = "<group>";
		};
		9A6B60F0196D19720016D83B /* OpenSiloTests */ = {
			isa = PBXGroup;
			children = (
				9A6B60F6196D19720016D83B /* OpenSiloTests.m */,
				9A6B60F1196D19720016D83B /* Supporting Files */,
			);
			path = OpenSiloTests;
			sourceTree = "<group>";
		};
		9A6B60F1196D19720016D83B /* Supporting Files */ = {
			isa = PBXGroup;
			children = (
				9A6B60F2196D19720016D83B /* OpenSiloTests-Info.plist */,
				9A6B60F3196D19720016D83B /* InfoPlist.strings */,
			);
			name = "Supporting Files";
			sourceTree = "<group>";
		};
		9AADA584197993EB000F8DED /* Networking */ = {
			isa = PBXGroup;
			children = (
				B656ECA019A3EFAC001D091C /* OSDataManager.h */,
				B656ECA119A3EFAC001D091C /* OSDataManager.m */,
				B61592371981A4C200D3AE9C /* OSRequestUtils.h */,
				B61592381981A4C200D3AE9C /* OSRequestUtils.m */,
			);
			name = Networking;
			sourceTree = "<group>";
		};
		9ACBC1A01996E67100EFD660 /* Inbox */ = {
			isa = PBXGroup;
			children = (
				9ACBC1A11996E68D00EFD660 /* OSInboxViewController.h */,
				9ACBC1A21996E68D00EFD660 /* OSInboxViewController.m */,
			);
			name = Inbox;
			sourceTree = "<group>";
		};
		9AF10DAE1976344B00474A2A /* Storyboard */ = {
			isa = PBXGroup;
			children = (
				9A6B60DD196D19710016D83B /* Main.storyboard */,
				9A6C7E24197785A70053AC76 /* Login.storyboard */,
				B64876ED19883BE800B42189 /* Entrance.storyboard */,
				B6E16F25198C44FE00346242 /* Signup.storyboard */,
				B6A5E11B198AEA9900772EC8 /* leftPanel.storyboard */,
				B6354ED2197C804700CC720C /* rightPanel.storyboard */,
				B6A5E129198AECDC00772EC8 /* Sides */,
			);
			name = Storyboard;
			sourceTree = "<group>";
		};
		9AF10DAF1976345C00474A2A /* Nib */ = {
			isa = PBXGroup;
			children = (
				B63A594E19A198A2003EA132 /* OSPinQuestionTableViewCell.h */,
				B63A594F19A198A2003EA132 /* OSPinQuestionTableViewCell.m */,
				B63A595019A198A2003EA132 /* OSPinQuestionTableViewCell.xib */,
				B63A594919A19896003EA132 /* OSFileTableViewCell.h */,
				B63A594A19A19896003EA132 /* OSFileTableViewCell.m */,
				B63A594B19A19896003EA132 /* OSFileTableViewCell.xib */,
				9AB7AF4E19903B9D0008D9B8 /* OSForgotPassword.xib */,
				B6354EE1197EFAF500CC720C /* OSPeopleTableViewCell.h */,
				B6354EE2197EFAF500CC720C /* OSPeopleTableViewCell.m */,
				B6354EE3197EFAF500CC720C /* OSPeopleTableViewCell.xib */,
				B6354EDC197ED80D00CC720C /* OSTranscriptTableViewCell.h */,
				B6354EDD197ED80D00CC720C /* OSTranscriptTableViewCell.m */,
				B6354EDE197ED80D00CC720C /* OSTranscriptTableViewCell.xib */,
			);
			name = Nib;
			sourceTree = "<group>";
		};
		B62F33DD197A65EB00BD8CEA /* ThirdParty */ = {
			isa = PBXGroup;
			children = (
				9A3FFA5A1985D32400237AD1 /* Transition */,
				B62F33F5197AE69700BD8CEA /* UITableViewCell */,
			);
			name = ThirdParty;
			sourceTree = "<group>";
		};
		B62F33F5197AE69700BD8CEA /* UITableViewCell */ = {
			isa = PBXGroup;
			children = (
				B62F33F6197AE69700BD8CEA /* UITableViewCell+NIB.h */,
				B62F33F7197AE69700BD8CEA /* UITableViewCell+NIB.m */,
			);
			name = UITableViewCell;
			path = ThirdParty/UITableViewCell;
			sourceTree = "<group>";
		};
		B63A593A19A196FD003EA132 /* Box */ = {
			isa = PBXGroup;
			children = (
				9AB1C8DA19A1AB6800FF2DEA /* KeychainItemWrapper.h */,
				9AB1C8DB19A1AB6800FF2DEA /* KeychainItemWrapper.m */,
				9AB1C8CC19A1AB2A00FF2DEA /* BoxAuthorizationNavigationController.h */,
				9AB1C8CD19A1AB2A00FF2DEA /* BoxAuthorizationNavigationController.m */,
				9AB1C8CF19A1AB2A00FF2DEA /* BoxFolderViewController.h */,
				9AB1C8D019A1AB2A00FF2DEA /* BoxFolderViewController.m */,
				9AB1C8D119A1AB2A00FF2DEA /* BoxNavigationController.h */,
				9AB1C8D219A1AB2A00FF2DEA /* BoxNavigationController.m */,
				9AB1C8D319A1AB2A00FF2DEA /* OSInboxViewController.h */,
			);
			name = Box;
			sourceTree = "<group>";
		};
		B64876E41988376A00B42189 /* Entrance */ = {
			isa = PBXGroup;
			children = (
				B64876EA19883BB000B42189 /* OSEntranceViewController.h */,
				B64876EB19883BB000B42189 /* OSEntranceViewController.m */,
				B64876EF19883F2400B42189 /* OSSignUpViewController.h */,
				B64876F019883F2400B42189 /* OSSignUpViewController.m */,
			);
			name = Entrance;
			sourceTree = "<group>";
		};
		B64B691F1975A775009F7B05 /* Model */ = {
			isa = PBXGroup;
			children = (
				9AF10DA51976230A00474A2A /* OSMessage.h */,
				9AF10DA41976230A00474A2A /* OSMessage.m */,
				9AF10DA71976230A00474A2A /* OSChilli.h */,
				9AF10DA61976230A00474A2A /* OSChilli.m */,
				B64B69261975AC17009F7B05 /* OSChannel.h */,
				B64B69271975AC17009F7B05 /* OSChannel.m */,
				B64B69291975AE89009F7B05 /* OSRoom.h */,
				B64B692A1975AE89009F7B05 /* OSRoom.m */,
				9AF10D9B19761BBC00474A2A /* OSSession.h */,
				9AF10D9C19761BBC00474A2A /* OSSession.m */,
				9AF10D9E19761BD600474A2A /* OSUser.h */,
				9AF10D9F19761BD600474A2A /* OSUser.m */,
				9AF10DAB19762A5E00474A2A /* OSTag.h */,
				9AF10DAC19762A5E00474A2A /* OSTag.m */,
			);
			name = Model;
			sourceTree = "<group>";
		};
		B64B692C1975D371009F7B05 /* Views */ = {
			isa = PBXGroup;
			children = (
				9AF10DAF1976345C00474A2A /* Nib */,
				9AF10DAE1976344B00474A2A /* Storyboard */,
			);
			name = Views;
			sourceTree = "<group>";
		};
		B64B692D1975D37B009F7B05 /* Controller */ = {
			isa = PBXGroup;
			children = (
				B656ECA319A3F4D4001D091C /* Notification */,
				B63A593A19A196FD003EA132 /* Box */,
				E7C0CCCC197F54070026B604 /* Main View Controller */,
				B64876E41988376A00B42189 /* Entrance */,
				E7C0CCCE197F54240026B604 /* Login */,
				E783036119915C2A001C098F /* Room */,
				E783036019915C0E001C098F /* Channel */,
				9ACBC1A01996E67100EFD660 /* Inbox */,
				E7C0CCCD197F54150026B604 /* Side Views */,
				E783036319915C83001C098F /* Search & Invite */,
				E783036219915C6C001C098F /* Settings */,
			);
			name = Controller;
			sourceTree = "<group>";
		};
		B64B692E1975D385009F7B05 /* Utilities */ = {
			isa = PBXGroup;
			children = (
				B63A593719A18F9C003EA132 /* OSGuidUtils.h */,
				B63A593819A18F9C003EA132 /* OSGuidUtils.m */,
				B61592341981A3DF00D3AE9C /* OSToastUtils.h */,
				B61592351981A3DF00D3AE9C /* OSToastUtils.m */,
				9AAB08371978D9CE00FBE96D /* OSDateTimeUtils.h */,
				9AAB08381978D9CE00FBE96D /* OSDateTimeUtils.m */,
				9ADD59CF197E35630090DBC4 /* OSConstant.h */,
				9ADD59D0197E35630090DBC4 /* OSConstant.m */,
				B6E16F27198C4AA600346242 /* OSUserUtils.h */,
				B6E16F28198C4AA600346242 /* OSUserUtils.m */,
			);
			name = Utilities;
			sourceTree = "<group>";
		};
		B656ECA319A3F4D4001D091C /* Notification */ = {
			isa = PBXGroup;
			children = (
				B656ECA419A3F4F3001D091C /* OSNotificationViewController.h */,
				B656ECA519A3F4F3001D091C /* OSNotificationViewController.m */,
			);
			name = Notification;
			sourceTree = "<group>";
		};
		B6A5E129198AECDC00772EC8 /* Sides */ = {
			isa = PBXGroup;
			children = (
				B656ECA719A40299001D091C /* Inbox.storyboard */,
				B6A5E111198AD16A00772EC8 /* Search.storyboard */,
				B6A5E120198AEC1500772EC8 /* AskQuestion.storyboard */,
				B6A5E122198AEC6E00772EC8 /* CreateChannel.storyboard */,
				9AB1C8D819A1AB4500FF2DEA /* BoxFolder.storyboard */,
				B6E16F2A198D9B5E00346242 /* Channel.storyboard */,
				E7EC85DF199AE3380079F3BF /* ChannelSettings.storyboard */,
				B6E16F2C198D9B6900346242 /* Room.storyboard */,
				E7EC85DD1999AC6E0079F3BF /* RoomSettings.storyboard */,
				E7D5434B19912CBA002F0660 /* Settings.storyboard */,
				B6A5E119198AE71700772EC8 /* InvitePeople.storyboard */,
				B656ECA919A403C5001D091C /* Notifications.storyboard */,
			);
			name = Sides;
			sourceTree = "<group>";
		};
		E783036019915C0E001C098F /* Channel */ = {
			isa = PBXGroup;
			children = (
				B6E16F2E198D9BA000346242 /* OSChannelViewController.h */,
				B6E16F2F198D9BA000346242 /* OSChannelViewController.m */,
				B6DFEEE6199034C600DE8BC8 /* OSChannelSettingViewController.h */,
				B6DFEEE7199034C600DE8BC8 /* OSChannelSettingViewController.m */,
				B6A5E124198AEC8000772EC8 /* OSCreateChannelViewController.h */,
				B6A5E125198AEC8000772EC8 /* OSCreateChannelViewController.m */,
			);
			name = Channel;
			sourceTree = "<group>";
		};
		E783036119915C2A001C098F /* Room */ = {
			isa = PBXGroup;
			children = (
				B6A5E11D198AEC0000772EC8 /* OSAskQuestionViewController.h */,
				B6A5E11E198AEC0000772EC8 /* OSAskQuestionViewController.m */,
				B6E16F31198D9BAC00346242 /* OSRoomViewController.h */,
				B6E16F32198D9BAC00346242 /* OSRoomViewController.m */,
				B6DFEEE919903A1E00DE8BC8 /* OSRoomSettingViewController.h */,
				B6DFEEEA19903A1E00DE8BC8 /* OSRoomSettingViewController.m */,
			);
			name = Room;
			sourceTree = "<group>";
		};
		E783036219915C6C001C098F /* Settings */ = {
			isa = PBXGroup;
			children = (
				9AB7AF5019903CE70008D9B8 /* OSSettingViewController.h */,
				9AB7AF5119903CE70008D9B8 /* OSSettingViewController.m */,
			);
			name = Settings;
			sourceTree = "<group>";
		};
		E783036319915C83001C098F /* Search & Invite */ = {
			isa = PBXGroup;
			children = (
				B6A5E10E198AD14900772EC8 /* OSSearchViewController.h */,
				B6A5E10F198AD14900772EC8 /* OSSearchViewController.m */,
				B6A5E10B198AC59C00772EC8 /* OSInviteViewController.h */,
				B6A5E10C198AC59C00772EC8 /* OSInviteViewController.m */,
			);
			name = "Search & Invite";
			sourceTree = "<group>";
		};
		E7C0CCCC197F54070026B604 /* Main View Controller */ = {
			isa = PBXGroup;
			children = (
				9A6B60E0196D19710016D83B /* OSViewController.h */,
				9A6B60E1196D19720016D83B /* OSViewController.m */,
			);
			name = "Main View Controller";
			sourceTree = "<group>";
		};
		E7C0CCCD197F54150026B604 /* Side Views */ = {
			isa = PBXGroup;
			children = (
				B6A5E115198AE65300772EC8 /* OSLeftPanelViewController.h */,
				B6A5E116198AE65300772EC8 /* OSLeftPanelViewController.m */,
				B6354ED9197C807800CC720C /* OSRightPanelViewController.h */,
				B6354EDA197C807800CC720C /* OSRightPanelViewController.m */,
				B6A5E113198AE65300772EC8 /* DTCustomColoredAccessory.h */,
				B6A5E114198AE65300772EC8 /* DTCustomColoredAccessory.m */,
			);
			name = "Side Views";
			sourceTree = "<group>";
		};
		E7C0CCCE197F54240026B604 /* Login */ = {
			isa = PBXGroup;
			children = (
				9A6C7E211977859D0053AC76 /* OSLoginViewController.h */,
				9A6C7E221977859D0053AC76 /* OSLoginViewController.m */,
			);
			name = Login;
			sourceTree = "<group>";
		};
		E7DE37B1197AFA2800BA623E /* Resources */ = {
			isa = PBXGroup;
			children = (
				E7DE37B2197AFA6D00BA623E /* Avenir.ttf */,
			);
			path = Resources;
			sourceTree = "<group>";
		};
/* End PBXGroup section */

/* Begin PBXNativeTarget section */
		9A6B60C7196D19710016D83B /* OpenSilo */ = {
			isa = PBXNativeTarget;
			buildConfigurationList = 9A6B60FA196D19720016D83B /* Build configuration list for PBXNativeTarget "OpenSilo" */;
			buildPhases = (
				5A60DF66802D449CB125D2C6 /* Check Pods Manifest.lock */,
				9A6B60C4196D19710016D83B /* Sources */,
				9A6B60C5196D19710016D83B /* Frameworks */,
				9A6B60C6196D19710016D83B /* Resources */,
				18DB6BECA41C41B0A6B814F5 /* Copy Pods Resources */,
			);
			buildRules = (
			);
			dependencies = (
			);
			name = OpenSilo;
			productName = OpenSilo;
			productReference = 9A6B60C8196D19710016D83B /* OpenSilo.app */;
			productType = "com.apple.product-type.application";
		};
		9A6B60E8196D19720016D83B /* OpenSiloTests */ = {
			isa = PBXNativeTarget;
			buildConfigurationList = 9A6B60FD196D19720016D83B /* Build configuration list for PBXNativeTarget "OpenSiloTests" */;
			buildPhases = (
				9A6B60E5196D19720016D83B /* Sources */,
				9A6B60E6196D19720016D83B /* Frameworks */,
				9A6B60E7196D19720016D83B /* Resources */,
			);
			buildRules = (
			);
			dependencies = (
				9A6B60EF196D19720016D83B /* PBXTargetDependency */,
			);
			name = OpenSiloTests;
			productName = OpenSiloTests;
			productReference = 9A6B60E9196D19720016D83B /* OpenSiloTests.xctest */;
			productType = "com.apple.product-type.bundle.unit-test";
		};
/* End PBXNativeTarget section */

/* Begin PBXProject section */
		9A6B60C0196D19710016D83B /* Project object */ = {
			isa = PBXProject;
			attributes = {
				CLASSPREFIX = OS;
				LastUpgradeCheck = 0510;
				ORGANIZATIONNAME = "IDesign Network Inc";
				TargetAttributes = {
					9A6B60E8196D19720016D83B = {
						TestTargetID = 9A6B60C7196D19710016D83B;
					};
				};
			};
			buildConfigurationList = 9A6B60C3196D19710016D83B /* Build configuration list for PBXProject "OpenSilo" */;
			compatibilityVersion = "Xcode 3.2";
			developmentRegion = English;
			hasScannedForEncodings = 0;
			knownRegions = (
				en,
				Base,
			);
			mainGroup = 9A6B60BF196D19710016D83B;
			productRefGroup = 9A6B60C9196D19710016D83B /* Products */;
			projectDirPath = "";
			projectRoot = "";
			targets = (
				9A6B60C7196D19710016D83B /* OpenSilo */,
				9A6B60E8196D19720016D83B /* OpenSiloTests */,
			);
		};
/* End PBXProject section */

/* Begin PBXResourcesBuildPhase section */
		9A6B60C6196D19710016D83B /* Resources */ = {
			isa = PBXResourcesBuildPhase;
			buildActionMask = 2147483647;
			files = (
				B6A5E11A198AE71700772EC8 /* InvitePeople.storyboard in Resources */,
				B6354EE0197ED80D00CC720C /* OSTranscriptTableViewCell.xib in Resources */,
				B63A595219A198A2003EA132 /* OSPinQuestionTableViewCell.xib in Resources */,
				B6A5E123198AEC6E00772EC8 /* CreateChannel.storyboard in Resources */,
				9AB7AF4F19903B9D0008D9B8 /* OSForgotPassword.xib in Resources */,
				B6E16F2D198D9B6900346242 /* Room.storyboard in Resources */,
				E7D5434C19912CBA002F0660 /* Settings.storyboard in Resources */,
				B6354EE5197EFAF500CC720C /* OSPeopleTableViewCell.xib in Resources */,
				9A6B60E4196D19720016D83B /* Images.xcassets in Resources */,
				B6354ED3197C804700CC720C /* rightPanel.storyboard in Resources */,
				9A6B60D6196D19710016D83B /* InfoPlist.strings in Resources */,
				B6A5E121198AEC1500772EC8 /* AskQuestion.storyboard in Resources */,
				B64876EE19883BE800B42189 /* Entrance.storyboard in Resources */,
				B63A594D19A19896003EA132 /* OSFileTableViewCell.xib in Resources */,
				B6A5E11C198AEA9900772EC8 /* leftPanel.storyboard in Resources */,
				E7DE37B3197AFA6D00BA623E /* Avenir.ttf in Resources */,
				9A6B60DF196D19710016D83B /* Main.storyboard in Resources */,
				9A6C7E25197785A70053AC76 /* Login.storyboard in Resources */,
				B6E16F2B198D9B5E00346242 /* Channel.storyboard in Resources */,
				E7EC85E0199AE3380079F3BF /* ChannelSettings.storyboard in Resources */,
				B6A5E112198AD16A00772EC8 /* Search.storyboard in Resources */,
				B656ECA819A40299001D091C /* Inbox.storyboard in Resources */,
				B6E16F26198C44FE00346242 /* Signup.storyboard in Resources */,
				9AB1C8D919A1AB4500FF2DEA /* BoxFolder.storyboard in Resources */,
				B656ECAA19A403C5001D091C /* Notifications.storyboard in Resources */,
				E7EC85DE1999AC6E0079F3BF /* RoomSettings.storyboard in Resources */,
				9A6B6110196D2D3F0016D83B /* Configure.plist in Resources */,
			);
			runOnlyForDeploymentPostprocessing = 0;
		};
		9A6B60E7196D19720016D83B /* Resources */ = {
			isa = PBXResourcesBuildPhase;
			buildActionMask = 2147483647;
			files = (
				9A6B60F5196D19720016D83B /* InfoPlist.strings in Resources */,
			);
			runOnlyForDeploymentPostprocessing = 0;
		};
/* End PBXResourcesBuildPhase section */

/* Begin PBXShellScriptBuildPhase section */
		18DB6BECA41C41B0A6B814F5 /* Copy Pods Resources */ = {
			isa = PBXShellScriptBuildPhase;
			buildActionMask = 2147483647;
			files = (
			);
			inputPaths = (
			);
			name = "Copy Pods Resources";
			outputPaths = (
			);
			runOnlyForDeploymentPostprocessing = 0;
			shellPath = /bin/sh;
			shellScript = "\"${SRCROOT}/Pods/Pods-resources.sh\"\n";
			showEnvVarsInLog = 0;
		};
		5A60DF66802D449CB125D2C6 /* Check Pods Manifest.lock */ = {
			isa = PBXShellScriptBuildPhase;
			buildActionMask = 2147483647;
			files = (
			);
			inputPaths = (
			);
			name = "Check Pods Manifest.lock";
			outputPaths = (
			);
			runOnlyForDeploymentPostprocessing = 0;
			shellPath = /bin/sh;
			shellScript = "diff \"${PODS_ROOT}/../Podfile.lock\" \"${PODS_ROOT}/Manifest.lock\" > /dev/null\nif [[ $? != 0 ]] ; then\n    cat << EOM\nerror: The sandbox is not in sync with the Podfile.lock. Run 'pod install' or update your CocoaPods installation.\nEOM\n    exit 1\nfi\n";
			showEnvVarsInLog = 0;
		};
/* End PBXShellScriptBuildPhase section */

/* Begin PBXSourcesBuildPhase section */
		9A6B60C4196D19710016D83B /* Sources */ = {
			isa = PBXSourcesBuildPhase;
			buildActionMask = 2147483647;
			files = (
				B64B69281975AC17009F7B05 /* OSChannel.m in Sources */,
				B64876F119883F2400B42189 /* OSSignUpViewController.m in Sources */,
				B6A5E11F198AEC0000772EC8 /* OSAskQuestionViewController.m in Sources */,
				9AF10DA91976230A00474A2A /* OSChilli.m in Sources */,
				9A6B60DC196D19710016D83B /* OSAppDelegate.m in Sources */,
				9A6B60D8196D19710016D83B /* main.m in Sources */,
				9AB7AF5219903CE70008D9B8 /* OSSettingViewController.m in Sources */,
				9A28E11E1986FCA60054FE35 /* MEZoomAnimationController.m in Sources */,
				B64876EC19883BB000B42189 /* OSEntranceViewController.m in Sources */,
				B6A5E10D198AC59C00772EC8 /* OSInviteViewController.m in Sources */,
				9AB1C8D419A1AB2A00FF2DEA /* BoxAuthorizationNavigationController.m in Sources */,
				B6E16F30198D9BA000346242 /* OSChannelViewController.m in Sources */,
				9AF10DA019761BD600474A2A /* OSUser.m in Sources */,
				9A28E11D1986FCA60054FE35 /* METransitions.m in Sources */,
				9A28E11C1986FCA60054FE35 /* MEFoldAnimationController.m in Sources */,
				9AF10DAD19762A5E00474A2A /* OSTag.m in Sources */,
				9AB1C8DC19A1AB6800FF2DEA /* KeychainItemWrapper.m in Sources */,
				9ACBC1A41996E68D00EFD660 /* OSInboxViewController.m in Sources */,
				B61592391981A4C200D3AE9C /* OSRequestUtils.m in Sources */,
				B6354EDF197ED80D00CC720C /* OSTranscriptTableViewCell.m in Sources */,
				9A6C7E231977859D0053AC76 /* OSLoginViewController.m in Sources */,
				9AF10D9D19761BBC00474A2A /* OSSession.m in Sources */,
				9ADD59D1197E35630090DBC4 /* OSConstant.m in Sources */,
				B6A5E118198AE65300772EC8 /* OSLeftPanelViewController.m in Sources */,
				B62F33FA197AE69700BD8CEA /* UITableViewCell+NIB.m in Sources */,
				B6354EE4197EFAF500CC720C /* OSPeopleTableViewCell.m in Sources */,
				9A6B60E2196D19720016D83B /* OSViewController.m in Sources */,
				B656ECA219A3EFAC001D091C /* OSDataManager.m in Sources */,
				9AF10DA81976230A00474A2A /* OSMessage.m in Sources */,
				B6DFEEE8199034C600DE8BC8 /* OSChannelSettingViewController.m in Sources */,
				9A28E11B1986FCA60054FE35 /* MEDynamicTransition.m in Sources */,
				B63A595119A198A2003EA132 /* OSPinQuestionTableViewCell.m in Sources */,
				B656ECA619A3F4F3001D091C /* OSNotificationViewController.m in Sources */,
				9AAB08391978D9CE00FBE96D /* OSDateTimeUtils.m in Sources */,
				B64B692B1975AE89009F7B05 /* OSRoom.m in Sources */,
				B63A593919A18F9C003EA132 /* OSGuidUtils.m in Sources */,
				B6A5E117198AE65300772EC8 /* DTCustomColoredAccessory.m in Sources */,
				B6354EDB197C807800CC720C /* OSRightPanelViewController.m in Sources */,
				B6E16F33198D9BAC00346242 /* OSRoomViewController.m in Sources */,
				9AB1C8D619A1AB2A00FF2DEA /* BoxFolderViewController.m in Sources */,
				B6A5E110198AD14900772EC8 /* OSSearchViewController.m in Sources */,
				B6DFEEEB19903A1E00DE8BC8 /* OSRoomSettingViewController.m in Sources */,
				B61592361981A3DF00D3AE9C /* OSToastUtils.m in Sources */,
				B6A5E126198AEC8000772EC8 /* OSCreateChannelViewController.m in Sources */,
				B6E16F29198C4AA600346242 /* OSUserUtils.m in Sources */,
				9AB1C8D719A1AB2A00FF2DEA /* BoxNavigationController.m in Sources */,
				B63A594C19A19896003EA132 /* OSFileTableViewCell.m in Sources */,
			);
			runOnlyForDeploymentPostprocessing = 0;
		};
		9A6B60E5196D19720016D83B /* Sources */ = {
			isa = PBXSourcesBuildPhase;
			buildActionMask = 2147483647;
			files = (
				9A6B60F7196D19720016D83B /* OpenSiloTests.m in Sources */,
			);
			runOnlyForDeploymentPostprocessing = 0;
		};
/* End PBXSourcesBuildPhase section */

/* Begin PBXTargetDependency section */
		9A6B60EF196D19720016D83B /* PBXTargetDependency */ = {
			isa = PBXTargetDependency;
			target = 9A6B60C7196D19710016D83B /* OpenSilo */;
			targetProxy = 9A6B60EE196D19720016D83B /* PBXContainerItemProxy */;
		};
/* End PBXTargetDependency section */

/* Begin PBXVariantGroup section */
		9A6B60D4196D19710016D83B /* InfoPlist.strings */ = {
			isa = PBXVariantGroup;
			children = (
				9A6B60D5196D19710016D83B /* en */,
			);
			name = InfoPlist.strings;
			sourceTree = "<group>";
		};
		9A6B60DD196D19710016D83B /* Main.storyboard */ = {
			isa = PBXVariantGroup;
			children = (
				9A6B60DE196D19710016D83B /* Base */,
			);
			name = Main.storyboard;
			sourceTree = "<group>";
		};
		9A6B60F3196D19720016D83B /* InfoPlist.strings */ = {
			isa = PBXVariantGroup;
			children = (
				9A6B60F4196D19720016D83B /* en */,
			);
			name = InfoPlist.strings;
			sourceTree = "<group>";
		};
/* End PBXVariantGroup section */

/* Begin XCBuildConfiguration section */
		9A6B60F8196D19720016D83B /* Debug */ = {
			isa = XCBuildConfiguration;
			buildSettings = {
				ALWAYS_SEARCH_USER_PATHS = NO;
				CLANG_CXX_LANGUAGE_STANDARD = "gnu++0x";
				CLANG_CXX_LIBRARY = "libc++";
				CLANG_ENABLE_MODULES = YES;
				CLANG_ENABLE_OBJC_ARC = YES;
				CLANG_WARN_BOOL_CONVERSION = YES;
				CLANG_WARN_CONSTANT_CONVERSION = YES;
				CLANG_WARN_DIRECT_OBJC_ISA_USAGE = YES_ERROR;
				CLANG_WARN_EMPTY_BODY = YES;
				CLANG_WARN_ENUM_CONVERSION = YES;
				CLANG_WARN_INT_CONVERSION = YES;
				CLANG_WARN_OBJC_ROOT_CLASS = YES_ERROR;
				CLANG_WARN__DUPLICATE_METHOD_MATCH = YES;
				"CODE_SIGN_IDENTITY[sdk=iphoneos*]" = "iPhone Developer";
				COPY_PHASE_STRIP = NO;
				GCC_C_LANGUAGE_STANDARD = gnu99;
				GCC_DYNAMIC_NO_PIC = NO;
				GCC_OPTIMIZATION_LEVEL = 0;
				GCC_PREPROCESSOR_DEFINITIONS = (
					"DEBUG=1",
					"$(inherited)",
				);
				GCC_SYMBOLS_PRIVATE_EXTERN = NO;
				GCC_WARN_64_TO_32_BIT_CONVERSION = YES;
				GCC_WARN_ABOUT_RETURN_TYPE = YES_ERROR;
				GCC_WARN_UNDECLARED_SELECTOR = YES;
				GCC_WARN_UNINITIALIZED_AUTOS = YES_AGGRESSIVE;
				GCC_WARN_UNUSED_FUNCTION = YES;
				GCC_WARN_UNUSED_VARIABLE = YES;
				IPHONEOS_DEPLOYMENT_TARGET = 7.1;
				ONLY_ACTIVE_ARCH = YES;
				SDKROOT = iphoneos;
			};
			name = Debug;
		};
		9A6B60F9196D19720016D83B /* Release */ = {
			isa = XCBuildConfiguration;
			buildSettings = {
				ALWAYS_SEARCH_USER_PATHS = NO;
				CLANG_CXX_LANGUAGE_STANDARD = "gnu++0x";
				CLANG_CXX_LIBRARY = "libc++";
				CLANG_ENABLE_MODULES = YES;
				CLANG_ENABLE_OBJC_ARC = YES;
				CLANG_WARN_BOOL_CONVERSION = YES;
				CLANG_WARN_CONSTANT_CONVERSION = YES;
				CLANG_WARN_DIRECT_OBJC_ISA_USAGE = YES_ERROR;
				CLANG_WARN_EMPTY_BODY = YES;
				CLANG_WARN_ENUM_CONVERSION = YES;
				CLANG_WARN_INT_CONVERSION = YES;
				CLANG_WARN_OBJC_ROOT_CLASS = YES_ERROR;
				CLANG_WARN__DUPLICATE_METHOD_MATCH = YES;
				"CODE_SIGN_IDENTITY[sdk=iphoneos*]" = "iPhone Developer";
				COPY_PHASE_STRIP = YES;
				ENABLE_NS_ASSERTIONS = NO;
				GCC_C_LANGUAGE_STANDARD = gnu99;
				GCC_WARN_64_TO_32_BIT_CONVERSION = YES;
				GCC_WARN_ABOUT_RETURN_TYPE = YES_ERROR;
				GCC_WARN_UNDECLARED_SELECTOR = YES;
				GCC_WARN_UNINITIALIZED_AUTOS = YES_AGGRESSIVE;
				GCC_WARN_UNUSED_FUNCTION = YES;
				GCC_WARN_UNUSED_VARIABLE = YES;
				IPHONEOS_DEPLOYMENT_TARGET = 7.1;
				SDKROOT = iphoneos;
				VALIDATE_PRODUCT = YES;
			};
			name = Release;
		};
		9A6B60FB196D19720016D83B /* Debug */ = {
			isa = XCBuildConfiguration;
			baseConfigurationReference = ACFD39B11A034E4BB459C1FE /* Pods.xcconfig */;
			buildSettings = {
				ASSETCATALOG_COMPILER_APPICON_NAME = AppIcon;
				ASSETCATALOG_COMPILER_LAUNCHIMAGE_NAME = LaunchImage;
				GCC_PRECOMPILE_PREFIX_HEADER = YES;
				GCC_PREFIX_HEADER = "OpenSilo/OpenSilo-Prefix.pch";
				INFOPLIST_FILE = "OpenSilo/OpenSilo-Info.plist";
				PRODUCT_NAME = "$(TARGET_NAME)";
				WRAPPER_EXTENSION = app;
			};
			name = Debug;
		};
		9A6B60FC196D19720016D83B /* Release */ = {
			isa = XCBuildConfiguration;
			baseConfigurationReference = ACFD39B11A034E4BB459C1FE /* Pods.xcconfig */;
			buildSettings = {
				ASSETCATALOG_COMPILER_APPICON_NAME = AppIcon;
				ASSETCATALOG_COMPILER_LAUNCHIMAGE_NAME = LaunchImage;
				GCC_PRECOMPILE_PREFIX_HEADER = YES;
				GCC_PREFIX_HEADER = "OpenSilo/OpenSilo-Prefix.pch";
				INFOPLIST_FILE = "OpenSilo/OpenSilo-Info.plist";
				PRODUCT_NAME = "$(TARGET_NAME)";
				WRAPPER_EXTENSION = app;
			};
			name = Release;
		};
		9A6B60FE196D19720016D83B /* Debug */ = {
			isa = XCBuildConfiguration;
			buildSettings = {
				BUNDLE_LOADER = "$(BUILT_PRODUCTS_DIR)/OpenSilo.app/OpenSilo";
				FRAMEWORK_SEARCH_PATHS = (
					"$(SDKROOT)/Developer/Library/Frameworks",
					"$(inherited)",
					"$(DEVELOPER_FRAMEWORKS_DIR)",
				);
				GCC_PRECOMPILE_PREFIX_HEADER = YES;
				GCC_PREFIX_HEADER = "OpenSilo/OpenSilo-Prefix.pch";
				GCC_PREPROCESSOR_DEFINITIONS = (
					"DEBUG=1",
					"$(inherited)",
				);
				INFOPLIST_FILE = "OpenSiloTests/OpenSiloTests-Info.plist";
				PRODUCT_NAME = "$(TARGET_NAME)";
				TEST_HOST = "$(BUNDLE_LOADER)";
				WRAPPER_EXTENSION = xctest;
			};
			name = Debug;
		};
		9A6B60FF196D19720016D83B /* Release */ = {
			isa = XCBuildConfiguration;
			buildSettings = {
				BUNDLE_LOADER = "$(BUILT_PRODUCTS_DIR)/OpenSilo.app/OpenSilo";
				FRAMEWORK_SEARCH_PATHS = (
					"$(SDKROOT)/Developer/Library/Frameworks",
					"$(inherited)",
					"$(DEVELOPER_FRAMEWORKS_DIR)",
				);
				GCC_PRECOMPILE_PREFIX_HEADER = YES;
				GCC_PREFIX_HEADER = "OpenSilo/OpenSilo-Prefix.pch";
				INFOPLIST_FILE = "OpenSiloTests/OpenSiloTests-Info.plist";
				PRODUCT_NAME = "$(TARGET_NAME)";
				TEST_HOST = "$(BUNDLE_LOADER)";
				WRAPPER_EXTENSION = xctest;
			};
			name = Release;
		};
/* End XCBuildConfiguration section */

/* Begin XCConfigurationList section */
		9A6B60C3196D19710016D83B /* Build configuration list for PBXProject "OpenSilo" */ = {
			isa = XCConfigurationList;
			buildConfigurations = (
				9A6B60F8196D19720016D83B /* Debug */,
				9A6B60F9196D19720016D83B /* Release */,
			);
			defaultConfigurationIsVisible = 0;
			defaultConfigurationName = Release;
		};
		9A6B60FA196D19720016D83B /* Build configuration list for PBXNativeTarget "OpenSilo" */ = {
			isa = XCConfigurationList;
			buildConfigurations = (
				9A6B60FB196D19720016D83B /* Debug */,
				9A6B60FC196D19720016D83B /* Release */,
			);
			defaultConfigurationIsVisible = 0;
			defaultConfigurationName = Release;
		};
		9A6B60FD196D19720016D83B /* Build configuration list for PBXNativeTarget "OpenSiloTests" */ = {
			isa = XCConfigurationList;
			buildConfigurations = (
				9A6B60FE196D19720016D83B /* Debug */,
				9A6B60FF196D19720016D83B /* Release */,
			);
			defaultConfigurationIsVisible = 0;
			defaultConfigurationName = Release;
		};
/* End XCConfigurationList section */
	};
	rootObject = 9A6B60C0196D19710016D83B /* Project object */;
}
